
Microsoft Visual Studio Solution File, Format Version 12.00
# Visual Studio 2013
VisualStudioVersion = 12.0.30723.0
MinimumVisualStudioVersion = 10.0.40219.1
Project("{2150E333-8FDC-42A3-9474-1A3956D46DE8}") = "1.Managers", "1.Managers", "{3330A392-8A69-4D0D-A94C-DAA3B172AB24}"
EndProject
Project("{2150E333-8FDC-42A3-9474-1A3956D46DE8}") = "2.Engines", "2.Engines", "{BA2F5E10-EF38-439A-A753-C2A4D2D30038}"
EndProject
Project("{2150E333-8FDC-42A3-9474-1A3956D46DE8}") = "3.Shared", "3.Shared", "{DCDD5824-5FAD-4E72-B8F5-FF11F8E82AD9}"
EndProject
Project("{2150E333-8FDC-42A3-9474-1A3956D46DE8}") = "4.ResourceAccess", "4.ResourceAccess", "{D88488D9-6C1F-47F8-A549-B8A3A32E662D}"
EndProject
Project("{FAE04EC0-301F-11D3-BF4B-00C04F79EFBC}") = "DataContracts", "FAUST.Shared.DataContracts\DataContracts.csproj", "{8D4E8597-0593-4262-973B-5CB357B27EA3}"
EndProject
Project("{FAE04EC0-301F-11D3-BF4B-00C04F79EFBC}") = "Contracts", "FAUST.Shared.Contracts\Contracts.csproj", "{99AEB956-57F4-4686-A1FA-68DC5D886593}"
EndProject
Project("{FAE04EC0-301F-11D3-BF4B-00C04F79EFBC}") = "FaustManager", "FAUST.Managers.FaustManager\FaustManager.csproj", "{CAB355C9-9D72-4E8A-B183-DA15F10C2893}"
EndProject
Project("{FAE04EC0-301F-11D3-BF4B-00C04F79EFBC}") = "FaustEngine", "FAUST.Engines.FaustEngine\FaustEngine.csproj", "{9575580C-B0A1-484E-A201-7DC7D92D9DF1}"
EndProject
Project("{FAE04EC0-301F-11D3-BF4B-00C04F79EFBC}") = "DatabaseAccessor", "FAUST.ResourceAccess.DatabaseAccessor\DatabaseAccessor.csproj", "{97E772F2-6C74-4DA4-8E52-714A354CC64D}"
EndProject
Project("{2150E333-8FDC-42A3-9474-1A3956D46DE8}") = "5.Tests", "5.Tests", "{686E3066-D7F9-4302-B857-230809CC317F}"
EndProject
Project("{FAE04EC0-301F-11D3-BF4B-00C04F79EFBC}") = "ManagerTests", "Faust.Tests.ManagerTests\ManagerTests.csproj", "{0EB7746C-1C14-46BC-A454-5C5DF2C889B8}"
EndProject
Project("{FAE04EC0-301F-11D3-BF4B-00C04F79EFBC}") = "EngineTests", "Faust.Tests.EngineTests\EngineTests.csproj", "{D5496319-266E-46D7-B49D-B4C30EACC266}"
EndProject
Project("{FAE04EC0-301F-11D3-BF4B-00C04F79EFBC}") = "DatabaseAccessorTests", "Faust.Tests.DatabaseAccessorTests\DatabaseAccessorTests.csproj", "{5CBD9D12-2CBF-4A4B-8F36-F1FA41E993FA}"
EndProject
Project("{FAE04EC0-301F-11D3-BF4B-00C04F79EFBC}") = "Utilities", "Faust.Shared.Utilities\Utilities.csproj", "{8B512911-10D1-492A-BE6C-4635EC9E8C79}"
EndProject
Global
	GlobalSection(SolutionConfigurationPlatforms) = preSolution
		Debug|Any CPU = Debug|Any CPU
		Release|Any CPU = Release|Any CPU
	EndGlobalSection
	GlobalSection(ProjectConfigurationPlatforms) = postSolution
		{8D4E8597-0593-4262-973B-5CB357B27EA3}.Debug|Any CPU.ActiveCfg = Debug|Any CPU
		{8D4E8597-0593-4262-973B-5CB357B27EA3}.Debug|Any CPU.Build.0 = Debug|Any CPU
		{8D4E8597-0593-4262-973B-5CB357B27EA3}.Release|Any CPU.ActiveCfg = Release|Any CPU
		{8D4E8597-0593-4262-973B-5CB357B27EA3}.Release|Any CPU.Build.0 = Release|Any CPU
		{99AEB956-57F4-4686-A1FA-68DC5D886593}.Debug|Any CPU.ActiveCfg = Debug|Any CPU
		{99AEB956-57F4-4686-A1FA-68DC5D886593}.Debug|Any CPU.Build.0 = Debug|Any CPU
		{99AEB956-57F4-4686-A1FA-68DC5D886593}.Release|Any CPU.ActiveCfg = Release|Any CPU
		{99AEB956-57F4-4686-A1FA-68DC5D886593}.Release|Any CPU.Build.0 = Release|Any CPU
		{CAB355C9-9D72-4E8A-B183-DA15F10C2893}.Debug|Any CPU.ActiveCfg = Debug|Any CPU
		{CAB355C9-9D72-4E8A-B183-DA15F10C2893}.Debug|Any CPU.Build.0 = Debug|Any CPU
		{CAB355C9-9D72-4E8A-B183-DA15F10C2893}.Release|Any CPU.ActiveCfg = Release|Any CPU
		{CAB355C9-9D72-4E8A-B183-DA15F10C2893}.Release|Any CPU.Build.0 = Release|Any CPU
		{9575580C-B0A1-484E-A201-7DC7D92D9DF1}.Debug|Any CPU.ActiveCfg = Debug|Any CPU
		{9575580C-B0A1-484E-A201-7DC7D92D9DF1}.Debug|Any CPU.Build.0 = Debug|Any CPU
		{9575580C-B0A1-484E-A201-7DC7D92D9DF1}.Release|Any CPU.ActiveCfg = Release|Any CPU
		{9575580C-B0A1-484E-A201-7DC7D92D9DF1}.Release|Any CPU.Build.0 = Release|Any CPU
		{97E772F2-6C74-4DA4-8E52-714A354CC64D}.Debug|Any CPU.ActiveCfg = Debug|Any CPU
		{97E772F2-6C74-4DA4-8E52-714A354CC64D}.Debug|Any CPU.Build.0 = Debug|Any CPU
		{97E772F2-6C74-4DA4-8E52-714A354CC64D}.Release|Any CPU.ActiveCfg = Release|Any CPU
		{97E772F2-6C74-4DA4-8E52-714A354CC64D}.Release|Any CPU.Build.0 = Release|Any CPU
		{0EB7746C-1C14-46BC-A454-5C5DF2C889B8}.Debug|Any CPU.ActiveCfg = Debug|Any CPU
		{0EB7746C-1C14-46BC-A454-5C5DF2C889B8}.Debug|Any CPU.Build.0 = Debug|Any CPU
		{0EB7746C-1C14-46BC-A454-5C5DF2C889B8}.Release|Any CPU.ActiveCfg = Release|Any CPU
		{0EB7746C-1C14-46BC-A454-5C5DF2C889B8}.Release|Any CPU.Build.0 = Release|Any CPU
		{D5496319-266E-46D7-B49D-B4C30EACC266}.Debug|Any CPU.ActiveCfg = Debug|Any CPU
		{D5496319-266E-46D7-B49D-B4C30EACC266}.Debug|Any CPU.Build.0 = Debug|Any CPU
		{D5496319-266E-46D7-B49D-B4C30EACC266}.Release|Any CPU.ActiveCfg = Release|Any CPU
		{D5496319-266E-46D7-B49D-B4C30EACC266}.Release|Any CPU.Build.0 = Release|Any CPU
		{5CBD9D12-2CBF-4A4B-8F36-F1FA41E993FA}.Debug|Any CPU.ActiveCfg = Debug|Any CPU
		{5CBD9D12-2CBF-4A4B-8F36-F1FA41E993FA}.Debug|Any CPU.Build.0 = Debug|Any CPU
		{5CBD9D12-2CBF-4A4B-8F36-F1FA41E993FA}.Release|Any CPU.ActiveCfg = Release|Any CPU
		{5CBD9D12-2CBF-4A4B-8F36-F1FA41E993FA}.Release|Any CPU.Build.0 = Release|Any CPU
		{8B512911-10D1-492A-BE6C-4635EC9E8C79}.Debug|Any CPU.ActiveCfg = Debug|Any CPU
		{8B512911-10D1-492A-BE6C-4635EC9E8C79}.Debug|Any CPU.Build.0 = Debug|Any CPU
		{8B512911-10D1-492A-BE6C-4635EC9E8C79}.Release|Any CPU.ActiveCfg = Release|Any CPU
		{8B512911-10D1-492A-BE6C-4635EC9E8C79}.Release|Any CPU.Build.0 = Release|Any CPU
	EndGlobalSection
	GlobalSection(SolutionProperties) = preSolution
		HideSolutionNode = FALSE
	EndGlobalSection
	GlobalSection(NestedProjects) = preSolution
		{8D4E8597-0593-4262-973B-5CB357B27EA3} = {DCDD5824-5FAD-4E72-B8F5-FF11F8E82AD9}
		{99AEB956-57F4-4686-A1FA-68DC5D886593} = {DCDD5824-5FAD-4E72-B8F5-FF11F8E82AD9}
		{CAB355C9-9D72-4E8A-B183-DA15F10C2893} = {3330A392-8A69-4D0D-A94C-DAA3B172AB24}
		{9575580C-B0A1-484E-A201-7DC7D92D9DF1} = {BA2F5E10-EF38-439A-A753-C2A4D2D30038}
		{97E772F2-6C74-4DA4-8E52-714A354CC64D} = {D88488D9-6C1F-47F8-A549-B8A3A32E662D}
		{0EB7746C-1C14-46BC-A454-5C5DF2C889B8} = {686E3066-D7F9-4302-B857-230809CC317F}
		{D5496319-266E-46D7-B49D-B4C30EACC266} = {686E3066-D7F9-4302-B857-230809CC317F}
		{5CBD9D12-2CBF-4A4B-8F36-F1FA41E993FA} = {686E3066-D7F9-4302-B857-230809CC317F}
		{8B512911-10D1-492A-BE6C-4635EC9E8C79} = {DCDD5824-5FAD-4E72-B8F5-FF11F8E82AD9}
	EndGlobalSection
	GlobalSection(ExtensibilityGlobals) = postSolution
		EnterpriseLibraryConfigurationToolBinariesPathV6 = packages\EnterpriseLibrary.Common.6.0.1304.0\lib\NET45;packages\EnterpriseLibrary.Logging.6.0.1304.0\lib\NET45
	EndGlobalSection
EndGlobal
